
Microsoft Visual Studio Solution File, Format Version 11.00
# Visual Studio 2010
Project("{FAE04EC0-301F-11D3-BF4B-00C04F79EFBC}") = "Amazeing-Nightmares_Alpha_v.15", "Assembly-CSharp.csproj", "{A8F4C740-DDC1-3F53-0550-139649A1D765}"
EndProject
Project("{FAE04EC0-301F-11D3-BF4B-00C04F79EFBC}") = "Amazeing-Nightmares_Alpha_v.15", "Assembly-CSharp-firstpass.csproj", "{98D203E1-1DE9-6E28-A3A4-9B09BFFF58A5}"
EndProject
Project("{FAE04EC0-301F-11D3-BF4B-00C04F79EFBC}") = "Amazeing-Nightmares_Alpha_v.15", "Assembly-CSharp-Editor-firstpass.csproj", "{7CB096FD-7A15-B8B4-130D-39AA0D53EBA4}"
EndProject
Project("{FAE04EC0-301F-11D3-BF4B-00C04F79EFBC}") = "Amazeing-Nightmares_Alpha_v.15", "Assembly-CSharp-Editor.csproj", "{C93B35DA-D682-DACE-66C3-46DBA977BA49}"
EndProject
Global
	GlobalSection(SolutionConfigurationPlatforms) = preSolution
		Debug|Any CPU = Debug|Any CPU
		Release|Any CPU = Release|Any CPU
	EndGlobalSection
	GlobalSection(ProjectConfigurationPlatforms) = postSolution
		{A8F4C740-DDC1-3F53-0550-139649A1D765}.Debug|Any CPU.ActiveCfg = Debug|Any CPU
		{A8F4C740-DDC1-3F53-0550-139649A1D765}.Debug|Any CPU.Build.0 = Debug|Any CPU
		{A8F4C740-DDC1-3F53-0550-139649A1D765}.Release|Any CPU.ActiveCfg = Release|Any CPU
		{A8F4C740-DDC1-3F53-0550-139649A1D765}.Release|Any CPU.Build.0 = Release|Any CPU
		{98D203E1-1DE9-6E28-A3A4-9B09BFFF58A5}.Debug|Any CPU.ActiveCfg = Debug|Any CPU
		{98D203E1-1DE9-6E28-A3A4-9B09BFFF58A5}.Debug|Any CPU.Build.0 = Debug|Any CPU
		{98D203E1-1DE9-6E28-A3A4-9B09BFFF58A5}.Release|Any CPU.ActiveCfg = Release|Any CPU
		{98D203E1-1DE9-6E28-A3A4-9B09BFFF58A5}.Release|Any CPU.Build.0 = Release|Any CPU
		{7CB096FD-7A15-B8B4-130D-39AA0D53EBA4}.Debug|Any CPU.ActiveCfg = Debug|Any CPU
		{7CB096FD-7A15-B8B4-130D-39AA0D53EBA4}.Debug|Any CPU.Build.0 = Debug|Any CPU
		{7CB096FD-7A15-B8B4-130D-39AA0D53EBA4}.Release|Any CPU.ActiveCfg = Release|Any CPU
		{7CB096FD-7A15-B8B4-130D-39AA0D53EBA4}.Release|Any CPU.Build.0 = Release|Any CPU
		{C93B35DA-D682-DACE-66C3-46DBA977BA49}.Debug|Any CPU.ActiveCfg = Debug|Any CPU
		{C93B35DA-D682-DACE-66C3-46DBA977BA49}.Debug|Any CPU.Build.0 = Debug|Any CPU
		{C93B35DA-D682-DACE-66C3-46DBA977BA49}.Release|Any CPU.ActiveCfg = Release|Any CPU
		{C93B35DA-D682-DACE-66C3-46DBA977BA49}.Release|Any CPU.Build.0 = Release|Any CPU
	EndGlobalSection
	GlobalSection(SolutionProperties) = preSolution
		HideSolutionNode = FALSE
	EndGlobalSection
	GlobalSection(MonoDevelopProperties) = preSolution
		StartupItem = Assembly-CSharp.csproj
	EndGlobalSection
EndGlobal
